
Microsoft Visual Studio Solution File, Format Version 12.00
# Visual Studio Version 17
VisualStudioVersion = 17.11.35327.3
MinimumVisualStudioVersion = 10.0.40219.1
Project("{FAE04EC0-301F-11D3-BF4B-00C04F79EFBC}") = "ExerciciosComWhile", "ExerciciosComWhile\ExerciciosComWhile.csproj", "{6503F5BC-91FC-4083-BE37-08F21440259B}"
EndProject
Global
	GlobalSection(SolutionConfigurationPlatforms) = preSolution
		Debug|Any CPU = Debug|Any CPU
		Release|Any CPU = Release|Any CPU
	EndGlobalSection
	GlobalSection(ProjectConfigurationPlatforms) = postSolution
		{6503F5BC-91FC-4083-BE37-08F21440259B}.Debug|Any CPU.ActiveCfg = Debug|Any CPU
		{6503F5BC-91FC-4083-BE37-08F21440259B}.Debug|Any CPU.Build.0 = Debug|Any CPU
		{6503F5BC-91FC-4083-BE37-08F21440259B}.Release|Any CPU.ActiveCfg = Release|Any CPU
		{6503F5BC-91FC-4083-BE37-08F21440259B}.Release|Any CPU.Build.0 = Release|Any CPU
	EndGlobalSection
	GlobalSection(SolutionProperties) = preSolution
		HideSolutionNode = FALSE
	EndGlobalSection
	GlobalSection(ExtensibilityGlobals) = postSolution
		SolutionGuid = {3E4588A9-80DF-4A2F-93DA-7A626114A8F5}
	EndGlobalSection
EndGlobal
